
Microsoft Visual Studio Solution File, Format Version 12.00
# Visual Studio Version 17
VisualStudioVersion = 17.3.32929.385
MinimumVisualStudioVersion = 10.0.40219.1
Project("{F184B08F-C81C-45F6-A57F-5ABD9991F28F}") = "newslot", "newslot\newslot.vbproj", "{376503D2-DEEE-46A0-848C-DBFF5D221CE7}"
EndProject
Global
	GlobalSection(SolutionConfigurationPlatforms) = preSolution
		Debug|Any CPU = Debug|Any CPU
		Release|Any CPU = Release|Any CPU
	EndGlobalSection
	GlobalSection(ProjectConfigurationPlatforms) = postSolution
		{376503D2-DEEE-46A0-848C-DBFF5D221CE7}.Debug|Any CPU.ActiveCfg = Debug|Any CPU
		{376503D2-DEEE-46A0-848C-DBFF5D221CE7}.Debug|Any CPU.Build.0 = Debug|Any CPU
		{376503D2-DEEE-46A0-848C-DBFF5D221CE7}.Release|Any CPU.ActiveCfg = Release|Any CPU
		{376503D2-DEEE-46A0-848C-DBFF5D221CE7}.Release|Any CPU.Build.0 = Release|Any CPU
	EndGlobalSection
	GlobalSection(SolutionProperties) = preSolution
		HideSolutionNode = FALSE
	EndGlobalSection
	GlobalSection(ExtensibilityGlobals) = postSolution
		SolutionGuid = {C312936B-0281-42CC-8F1A-256D2925A37E}
	EndGlobalSection
EndGlobal
